// !$*UTF8*$!
{
	archiveVersion = 1;
	classes = {
	};
	objectVersion = 77;
	objects = {

/* Begin PBXBuildFile section */
		003EF57C9D02936C37FA0D53 /* AppIcon.icns in Resources */ = {isa = PBXBuildFile; fileRef = 4D239475BFC81BE1C0BA3E3E /* AppIcon.icns */; };
		0571539967A10143E65D0696 /* ExportRuleStore.swift in Sources */ = {isa = PBXBuildFile; fileRef = 0080F127A4484E5A56F61F59 /* ExportRuleStore.swift */; };
		07BF7E010691C2D957D15FEA /* PhotoLibraryViewModel.swift in Sources */ = {isa = PBXBuildFile; fileRef = E3D558F483E5C1B7945F7560 /* PhotoLibraryViewModel.swift */; };
		0C585D2D65D4FE54C2BFF2C1 /* LargeImageViewer.swift in Sources */ = {isa = PBXBuildFile; fileRef = FA46655F474FDCB17B291C50 /* LargeImageViewer.swift */; };
		10C120D85802606ED79E2BFC /* DuckSortApp.swift in Sources */ = {isa = PBXBuildFile; fileRef = A8848FA1245274C220C1E6B9 /* DuckSortApp.swift */; };
		1317C4B747D0EF6F570A7654 /* CustomTag.swift in Sources */ = {isa = PBXBuildFile; fileRef = 7B65946FC88CA381019926B3 /* CustomTag.swift */; };
		13CF184C3451D3C761F1C1DC /* SettingsShortcutsPaneView.swift in Sources */ = {isa = PBXBuildFile; fileRef = 6F4EFEB3D30C8453F4C86DC4 /* SettingsShortcutsPaneView.swift */; };
		1BF510F388FFF0CF01CEA9ED /* PreFlightVisualizerView.swift in Sources */ = {isa = PBXBuildFile; fileRef = 3C74E6F988056A084C4ADA7E /* PreFlightVisualizerView.swift */; };
		2039EF23242724247C504888 /* KeyboardShortcutInfoTests.swift in Sources */ = {isa = PBXBuildFile; fileRef = C926C15F026D406124116D29 /* KeyboardShortcutInfoTests.swift */; };
		22A430137647EBA9EAF4BA9B /* ExportRuleEditorView.swift in Sources */ = {isa = PBXBuildFile; fileRef = 7644CFAC2F7D0E9A4454AFFB /* ExportRuleEditorView.swift */; };
		25C59FADF51BC222BE18FBA3 /* FileTransferService.swift in Sources */ = {isa = PBXBuildFile; fileRef = A79CE191B695B691C58706BF /* FileTransferService.swift */; };
		29ED4D2AD68B4BEF01643C03 /* SettingsPaneWindow.swift in Sources */ = {isa = PBXBuildFile; fileRef = B0B3214F3D2A0BDA8A0D6A59 /* SettingsPaneWindow.swift */; };
		2C92A4DECE485C94DA8F19C7 /* SettingsRulesPaneView.swift in Sources */ = {isa = PBXBuildFile; fileRef = 4E2D82FBB1499652691B819F /* SettingsRulesPaneView.swift */; };
		2D58F1F083760A443D86CD73 /* VisionEngineActor.swift in Sources */ = {isa = PBXBuildFile; fileRef = 3509D78E1B27605A054FF33C /* VisionEngineActor.swift */; };
		2EE09B09E9ADF88E57129184 /* HapticFeedbackManager.swift in Sources */ = {isa = PBXBuildFile; fileRef = B86F548BB138B2D82A4B9469 /* HapticFeedbackManager.swift */; };
		2F2AFFD234FCC01524AC38BC /* FolderPanel.swift in Sources */ = {isa = PBXBuildFile; fileRef = DFE5635EE4BAB4BB2E2AA60D /* FolderPanel.swift */; };
		37B252F09AF99052DF0DA57C /* FilenameSanitizer.swift in Sources */ = {isa = PBXBuildFile; fileRef = 46692D62F0489B6E7671C3B6 /* FilenameSanitizer.swift */; };
		389218CF5704D14EFAA2C731 /* XMPTagInspectorView.swift in Sources */ = {isa = PBXBuildFile; fileRef = 4C5105C82DFFB46839420646 /* XMPTagInspectorView.swift */; };
		3A52A9564EE77E253FE0058A /* SettingsTagsPaneView.swift in Sources */ = {isa = PBXBuildFile; fileRef = 52872DAC1CEF1D9EED356390 /* SettingsTagsPaneView.swift */; };
		4016607D802D3059B8E4A9CE /* HorizontalMouseScrollWrapper.swift in Sources */ = {isa = PBXBuildFile; fileRef = B728E75D067AB427150D3344 /* HorizontalMouseScrollWrapper.swift */; };
		45BA865C8D04EFD861ADFAFF /* PhotoGridView.swift in Sources */ = {isa = PBXBuildFile; fileRef = F32F9D2D0F0AEFD58A5F0256 /* PhotoGridView.swift */; };
		45F535C13527341501D81EA6 /* TagPackLibrary.swift in Sources */ = {isa = PBXBuildFile; fileRef = 47D04DD3BEC871500499CABC /* TagPackLibrary.swift */; };
		461EF7C34E1DCEAA877E1E5C /* ContentView.swift in Sources */ = {isa = PBXBuildFile; fileRef = DCA4AA401F45F9D5DD803BA0 /* ContentView.swift */; };
		46BA33DB5DEBFD3BBD41BBD4 /* XMPTaggingService.swift in Sources */ = {isa = PBXBuildFile; fileRef = 93B75B1602707A0F7D91B27E /* XMPTaggingService.swift */; };
		48369C22170FC0FA238349F9 /* SettingsXMPTagsPane.swift in Sources */ = {isa = PBXBuildFile; fileRef = F98D6381C428E286D5FAA884 /* SettingsXMPTagsPane.swift */; };
		4866D6AFBCC89EE99E0BD0FD /* TagPack.swift in Sources */ = {isa = PBXBuildFile; fileRef = A0E4C7CBECD5AC4871D167D9 /* TagPack.swift */; };
		48EF8BED4019BE9FD2AD9EDE /* TagStore.swift in Sources */ = {isa = PBXBuildFile; fileRef = E32D17330A1B322841D92F55 /* TagStore.swift */; };
		48F9A7EE6B7F10CB715B3D5F /* RoutedTransferService.swift in Sources */ = {isa = PBXBuildFile; fileRef = 4EC5B7910C6FFBE1009F8969 /* RoutedTransferService.swift */; };
		4948C5EEC1C59B659AD15FE4 /* FileScannerTests.swift in Sources */ = {isa = PBXBuildFile; fileRef = 89814E2331043CD60D60BC8A /* FileScannerTests.swift */; };
		4FA10D0AC137327B9C85D633 /* UserPreferences.swift in Sources */ = {isa = PBXBuildFile; fileRef = C33694B84956961FFD297D6E /* UserPreferences.swift */; };
		51333F4B854FC88E1BC7C013 /* SidecarWriteTests.swift in Sources */ = {isa = PBXBuildFile; fileRef = 80C1E4A97DEDEE26A7E54789 /* SidecarWriteTests.swift */; };
		51CABC235F0FE0936825DA72 /* ExportOptions.swift in Sources */ = {isa = PBXBuildFile; fileRef = 1E65ADF7DCFB0D5724848482 /* ExportOptions.swift */; };
		51F35755B8CD2539AEB31AEF /* SettingsAutoTaggingPaneView.swift in Sources */ = {isa = PBXBuildFile; fileRef = 08BD0E782B18D12BB3DF9ACD /* SettingsAutoTaggingPaneView.swift */; };
		58382D4AB06F976306B6AF10 /* PhotoIndexStore.swift in Sources */ = {isa = PBXBuildFile; fileRef = CBFE20504EBD09FBA8700EF0 /* PhotoIndexStore.swift */; };
		59B20FF5632387E55A866BF2 /* FileManager+Directory.swift in Sources */ = {isa = PBXBuildFile; fileRef = 4BDA7E931BABADAED5B13813 /* FileManager+Directory.swift */; };
		5EE394A7B159869F235625E8 /* SidecarFailureTests.swift in Sources */ = {isa = PBXBuildFile; fileRef = D7BFAA1160F99C612D3A596C /* SidecarFailureTests.swift */; };
		6385EF1CD059244AF82CDBF6 /* PhotoFilterRule.swift in Sources */ = {isa = PBXBuildFile; fileRef = C4F8614179323AB4E373A885 /* PhotoFilterRule.swift */; };
		67D5E34B66506271B2AA43E1 /* CaptionEditorView.swift in Sources */ = {isa = PBXBuildFile; fileRef = B5B3FA2DB6518F2F35324E4C /* CaptionEditorView.swift */; };
		6F4556FF0C70B041CA77FE96 /* FaceClusteringService.swift in Sources */ = {isa = PBXBuildFile; fileRef = 09E55EA8AE27FEEB586D07D0 /* FaceClusteringService.swift */; };
		6F6C5ECAC8EF26AAAC1DAE61 /* PhotoSet.swift in Sources */ = {isa = PBXBuildFile; fileRef = 4768E6492C50488CA80B5DBF /* PhotoSet.swift */; };
		6F7AE843C2B3541971E6D207 /* FilmstripView.swift in Sources */ = {isa = PBXBuildFile; fileRef = DCFDAC493AC50CAC92FC3B22 /* FilmstripView.swift */; };
		773006898D17976422E515DA /* ExportPathRule.swift in Sources */ = {isa = PBXBuildFile; fileRef = 917518802055A19B9A59CE16 /* ExportPathRule.swift */; };
		7A1BCE15797FF118271E15F5 /* ScrollStateObserver.swift in Sources */ = {isa = PBXBuildFile; fileRef = 025C162E20816F6FB71B863E /* ScrollStateObserver.swift */; };
		7DB5156AD1B7F9E3004D85A7 /* FloatingWindowManager.swift in Sources */ = {isa = PBXBuildFile; fileRef = 7C15252EAB38589686E1A606 /* FloatingWindowManager.swift */; };
		800ACE8CCE0A2F0FA6BB16BA /* LargeImageViewerSidebar.swift in Sources */ = {isa = PBXBuildFile; fileRef = 7003BD43733CFB7442895129 /* LargeImageViewerSidebar.swift */; };
		891E066CCACA503894FC149C /* HeaderFilterBar.swift in Sources */ = {isa = PBXBuildFile; fileRef = 8EAAE1E175D05AE80E50297E /* HeaderFilterBar.swift */; };
		8EC0315BC66BEE75ACBD8CD6 /* ImageFixture.swift in Sources */ = {isa = PBXBuildFile; fileRef = 3043D3661F3552AEE624F94A /* ImageFixture.swift */; };
		8FA60DBCF99CE9CBE1CCDBD1 /* LargeImagePane.swift in Sources */ = {isa = PBXBuildFile; fileRef = 58B6DAB2F320B99A86F7F085 /* LargeImagePane.swift */; };
		90C363DE2F101B32194C39B4 /* RoutedOperation.swift in Sources */ = {isa = PBXBuildFile; fileRef = 844ADA0C97DCBB89738C0417 /* RoutedOperation.swift */; };
		9679B5EC085C73415D1AB906 /* AutoTagEngine.swift in Sources */ = {isa = PBXBuildFile; fileRef = E96BDAB909E404EA22518E0D /* AutoTagEngine.swift */; };
		979C6F3E1C431AD2587C79F6 /* VCardImport.swift in Sources */ = {isa = PBXBuildFile; fileRef = AC44157459E972A675C8DD9E /* VCardImport.swift */; };
		9B09849180DADB70DA4F4EBE /* ShortcutRecorderView.swift in Sources */ = {isa = PBXBuildFile; fileRef = 81A825B0532F44F152B8E497 /* ShortcutRecorderView.swift */; };
		A1FDA818DB0AFBB4350EF957 /* MetadataReader.swift in Sources */ = {isa = PBXBuildFile; fileRef = 9031656A4CC6CAB74745F678 /* MetadataReader.swift */; };
		A4E109711142B7AA15852478 /* FileNaming.swift in Sources */ = {isa = PBXBuildFile; fileRef = 77C711587A2BD65A21C6363A /* FileNaming.swift */; };
		A95A3A39BF1B2D9E958278D3 /* SettingsAppearancePaneView.swift in Sources */ = {isa = PBXBuildFile; fileRef = 1848956E84D6A25D73082EDF /* SettingsAppearancePaneView.swift */; };
		A9B5B38148DF9AF05F7ABD0D /* SmokeTests.swift in Sources */ = {isa = PBXBuildFile; fileRef = CF5614B15ED7C21EFDBF562F /* SmokeTests.swift */; };
		AEAA8D8218CEFD38CD7A9872 /* Theme.swift in Sources */ = {isa = PBXBuildFile; fileRef = 963B1CFADABA02D686F01552 /* Theme.swift */; };
		B4B2D8FFA80F0718D06EF1D7 /* EXIFSanitizer.swift in Sources */ = {isa = PBXBuildFile; fileRef = 7228D82647360B4BB0C17C60 /* EXIFSanitizer.swift */; };
		B92A4110226C21C192054A05 /* SidebarView.swift in Sources */ = {isa = PBXBuildFile; fileRef = 71306A87786383193A8A1187 /* SidebarView.swift */; };
		C4FD857F464BB5B6EB94678D /* TagManagerView.swift in Sources */ = {isa = PBXBuildFile; fileRef = 43E676D65E0A1F2BFAE287D8 /* TagManagerView.swift */; };
		C8D2BB81B58A08031B49D408 /* MetadataReaderActor.swift in Sources */ = {isa = PBXBuildFile; fileRef = D82F7552F55F39D4D4842642 /* MetadataReaderActor.swift */; };
		CE6BDC80C1755BFB602203F2 /* IOSurfaceMetalRenderer.swift in Sources */ = {isa = PBXBuildFile; fileRef = 8E930DF98D55812A31E16523 /* IOSurfaceMetalRenderer.swift */; };
		CF84E1D9F3FCBCD9331EA88A /* InspectorPanelView.swift in Sources */ = {isa = PBXBuildFile; fileRef = EA417888755A975D94D6CD61 /* InspectorPanelView.swift */; };
		D007D708BC6321099A83D944 /* AutoTagSuggestionsView.swift in Sources */ = {isa = PBXBuildFile; fileRef = 1CF2FF0B35B905C252F41912 /* AutoTagSuggestionsView.swift */; };
		D4C9A6ED38346BCD3C430EF6 /* EmptyLibraryView.swift in Sources */ = {isa = PBXBuildFile; fileRef = 615AF5CECEA89BAAE5034CE3 /* EmptyLibraryView.swift */; };
		D89943F68A883011B6831F07 /* PhotoSetCell.swift in Sources */ = {isa = PBXBuildFile; fileRef = 621506187BE341E038565A8B /* PhotoSetCell.swift */; };
		DA156AB0AA11A75708A3E352 /* FileGroupingResult.swift in Sources */ = {isa = PBXBuildFile; fileRef = A1F7E94F414B8FF78355A93A /* FileGroupingResult.swift */; };
		DE6F6BDF47868EBB0C2A875E /* FolderIndexingTests.swift in Sources */ = {isa = PBXBuildFile; fileRef = 6DB793633AB8DA3C66E5C87F /* FolderIndexingTests.swift */; };
		DF6FAA5E7B7462D3A180BB7F /* OnboardingFlow.swift in Sources */ = {isa = PBXBuildFile; fileRef = CC9438CBD87CF94EB0921833 /* OnboardingFlow.swift */; };
		E5FE84E8B84249B9AA52458C /* ThumbnailView.swift in Sources */ = {isa = PBXBuildFile; fileRef = E9EC5FD4E57FA74F848D0469 /* ThumbnailView.swift */; };
		ED3289D40BE7B30CE889F6BE /* SettingsIPTCPaneView.swift in Sources */ = {isa = PBXBuildFile; fileRef = 8C17CE567197E2392618717C /* SettingsIPTCPaneView.swift */; };
		F23207D37684960861C0DBAF /* FileScanner.swift in Sources */ = {isa = PBXBuildFile; fileRef = 19DDFBB246CA896FC9FA2C47 /* FileScanner.swift */; };
		F38A23B7DA97677C040D5A75 /* EmbeddedKeywordTests.swift in Sources */ = {isa = PBXBuildFile; fileRef = D3DDA4E25186E9C16AACAB9E /* EmbeddedKeywordTests.swift */; };
		F51F617EB980D54B3CB6604C /* ImageFixtureTests.swift in Sources */ = {isa = PBXBuildFile; fileRef = 21E5CF7DABCE10F125EEC421 /* ImageFixtureTests.swift */; };
		F54B3E6BB45510298703D9E2 /* InsightsView.swift in Sources */ = {isa = PBXBuildFile; fileRef = A04931DABD763B2D4A65F6A7 /* InsightsView.swift */; };
		F765AC063F4121934B5C441B /* AutoTagRule.swift in Sources */ = {isa = PBXBuildFile; fileRef = CB64399E88A68EC475444292 /* AutoTagRule.swift */; };
		F837C7DB5A70A461F815E132 /* TransferFooter.swift in Sources */ = {isa = PBXBuildFile; fileRef = A8A8CB39D99D01595C75A465 /* TransferFooter.swift */; };
		F939547AB3AE7AA4756E4EA4 /* FileTransferSidecarTests.swift in Sources */ = {isa = PBXBuildFile; fileRef = 1184E52C88111EE418D8416B /* FileTransferSidecarTests.swift */; };
		FD9336A0390FBCB633C8B29F /* RoutedSidecarTests.swift in Sources */ = {isa = PBXBuildFile; fileRef = 23A1EFC34C746F60427C57CF /* RoutedSidecarTests.swift */; };
/* End PBXBuildFile section */

/* Begin PBXContainerItemProxy section */
		E7137D953A8D86C3ABAD57CA /* PBXContainerItemProxy */ = {
			isa = PBXContainerItemProxy;
			containerPortal = 3B66BB8E44A0759DA14284AC /* Project object */;
			proxyType = 1;
			remoteGlobalIDString = BBFA3A3D9F3FC279B56583D4;
			remoteInfo = DuckSort;
		};
/* End PBXContainerItemProxy section */

/* Begin PBXFileReference section */
		0080F127A4484E5A56F61F59 /* ExportRuleStore.swift */ = {isa = PBXFileReference; lastKnownFileType = sourcecode.swift; path = ExportRuleStore.swift; sourceTree = "<group>"; };
		025C162E20816F6FB71B863E /* ScrollStateObserver.swift */ = {isa = PBXFileReference; lastKnownFileType = sourcecode.swift; path = ScrollStateObserver.swift; sourceTree = "<group>"; };
		08BD0E782B18D12BB3DF9ACD /* SettingsAutoTaggingPaneView.swift */ = {isa = PBXFileReference; lastKnownFileType = sourcecode.swift; path = SettingsAutoTaggingPaneView.swift; sourceTree = "<group>"; };
		09E55EA8AE27FEEB586D07D0 /* FaceClusteringService.swift */ = {isa = PBXFileReference; lastKnownFileType = sourcecode.swift; path = FaceClusteringService.swift; sourceTree = "<group>"; };
		1184E52C88111EE418D8416B /* FileTransferSidecarTests.swift */ = {isa = PBXFileReference; lastKnownFileType = sourcecode.swift; path = FileTransferSidecarTests.swift; sourceTree = "<group>"; };
		1848956E84D6A25D73082EDF /* SettingsAppearancePaneView.swift */ = {isa = PBXFileReference; lastKnownFileType = sourcecode.swift; path = SettingsAppearancePaneView.swift; sourceTree = "<group>"; };
		19DDFBB246CA896FC9FA2C47 /* FileScanner.swift */ = {isa = PBXFileReference; lastKnownFileType = sourcecode.swift; path = FileScanner.swift; sourceTree = "<group>"; };
		1CF2FF0B35B905C252F41912 /* AutoTagSuggestionsView.swift */ = {isa = PBXFileReference; lastKnownFileType = sourcecode.swift; path = AutoTagSuggestionsView.swift; sourceTree = "<group>"; };
		1E65ADF7DCFB0D5724848482 /* ExportOptions.swift */ = {isa = PBXFileReference; lastKnownFileType = sourcecode.swift; path = ExportOptions.swift; sourceTree = "<group>"; };
		21E5CF7DABCE10F125EEC421 /* ImageFixtureTests.swift */ = {isa = PBXFileReference; lastKnownFileType = sourcecode.swift; path = ImageFixtureTests.swift; sourceTree = "<group>"; };
		23A1EFC34C746F60427C57CF /* RoutedSidecarTests.swift */ = {isa = PBXFileReference; lastKnownFileType = sourcecode.swift; path = RoutedSidecarTests.swift; sourceTree = "<group>"; };
		3043D3661F3552AEE624F94A /* ImageFixture.swift */ = {isa = PBXFileReference; lastKnownFileType = sourcecode.swift; path = ImageFixture.swift; sourceTree = "<group>"; };
		3509D78E1B27605A054FF33C /* VisionEngineActor.swift */ = {isa = PBXFileReference; lastKnownFileType = sourcecode.swift; path = VisionEngineActor.swift; sourceTree = "<group>"; };
		3C74E6F988056A084C4ADA7E /* PreFlightVisualizerView.swift */ = {isa = PBXFileReference; lastKnownFileType = sourcecode.swift; path = PreFlightVisualizerView.swift; sourceTree = "<group>"; };
		43E676D65E0A1F2BFAE287D8 /* TagManagerView.swift */ = {isa = PBXFileReference; lastKnownFileType = sourcecode.swift; path = TagManagerView.swift; sourceTree = "<group>"; };
		46692D62F0489B6E7671C3B6 /* FilenameSanitizer.swift */ = {isa = PBXFileReference; lastKnownFileType = sourcecode.swift; path = FilenameSanitizer.swift; sourceTree = "<group>"; };
		4768E6492C50488CA80B5DBF /* PhotoSet.swift */ = {isa = PBXFileReference; lastKnownFileType = sourcecode.swift; path = PhotoSet.swift; sourceTree = "<group>"; };
		47D04DD3BEC871500499CABC /* TagPackLibrary.swift */ = {isa = PBXFileReference; lastKnownFileType = sourcecode.swift; path = TagPackLibrary.swift; sourceTree = "<group>"; };
		4BDA7E931BABADAED5B13813 /* FileManager+Directory.swift */ = {isa = PBXFileReference; lastKnownFileType = sourcecode.swift; path = "FileManager+Directory.swift"; sourceTree = "<group>"; };
		4C5105C82DFFB46839420646 /* XMPTagInspectorView.swift */ = {isa = PBXFileReference; lastKnownFileType = sourcecode.swift; path = XMPTagInspectorView.swift; sourceTree = "<group>"; };
		4D239475BFC81BE1C0BA3E3E /* AppIcon.icns */ = {isa = PBXFileReference; lastKnownFileType = image.icns; path = AppIcon.icns; sourceTree = "<group>"; };
		4E2D82FBB1499652691B819F /* SettingsRulesPaneView.swift */ = {isa = PBXFileReference; lastKnownFileType = sourcecode.swift; path = SettingsRulesPaneView.swift; sourceTree = "<group>"; };
		4EC5B7910C6FFBE1009F8969 /* RoutedTransferService.swift */ = {isa = PBXFileReference; lastKnownFileType = sourcecode.swift; path = RoutedTransferService.swift; sourceTree = "<group>"; };
		52872DAC1CEF1D9EED356390 /* SettingsTagsPaneView.swift */ = {isa = PBXFileReference; lastKnownFileType = sourcecode.swift; path = SettingsTagsPaneView.swift; sourceTree = "<group>"; };
		58B6DAB2F320B99A86F7F085 /* LargeImagePane.swift */ = {isa = PBXFileReference; lastKnownFileType = sourcecode.swift; path = LargeImagePane.swift; sourceTree = "<group>"; };
		615AF5CECEA89BAAE5034CE3 /* EmptyLibraryView.swift */ = {isa = PBXFileReference; lastKnownFileType = sourcecode.swift; path = EmptyLibraryView.swift; sourceTree = "<group>"; };
		621506187BE341E038565A8B /* PhotoSetCell.swift */ = {isa = PBXFileReference; lastKnownFileType = sourcecode.swift; path = PhotoSetCell.swift; sourceTree = "<group>"; };
		6DB793633AB8DA3C66E5C87F /* FolderIndexingTests.swift */ = {isa = PBXFileReference; lastKnownFileType = sourcecode.swift; path = FolderIndexingTests.swift; sourceTree = "<group>"; };
		6F4EFEB3D30C8453F4C86DC4 /* SettingsShortcutsPaneView.swift */ = {isa = PBXFileReference; lastKnownFileType = sourcecode.swift; path = SettingsShortcutsPaneView.swift; sourceTree = "<group>"; };
		6FCEE31E04BD53A2EFFFC382 /* DuckSort.app */ = {isa = PBXFileReference; explicitFileType = wrapper.application; includeInIndex = 0; path = DuckSort.app; sourceTree = BUILT_PRODUCTS_DIR; };
		7003BD43733CFB7442895129 /* LargeImageViewerSidebar.swift */ = {isa = PBXFileReference; lastKnownFileType = sourcecode.swift; path = LargeImageViewerSidebar.swift; sourceTree = "<group>"; };
		71306A87786383193A8A1187 /* SidebarView.swift */ = {isa = PBXFileReference; lastKnownFileType = sourcecode.swift; path = SidebarView.swift; sourceTree = "<group>"; };
		7228D82647360B4BB0C17C60 /* EXIFSanitizer.swift */ = {isa = PBXFileReference; lastKnownFileType = sourcecode.swift; path = EXIFSanitizer.swift; sourceTree = "<group>"; };
		7644CFAC2F7D0E9A4454AFFB /* ExportRuleEditorView.swift */ = {isa = PBXFileReference; lastKnownFileType = sourcecode.swift; path = ExportRuleEditorView.swift; sourceTree = "<group>"; };
		77C711587A2BD65A21C6363A /* FileNaming.swift */ = {isa = PBXFileReference; lastKnownFileType = sourcecode.swift; path = FileNaming.swift; sourceTree = "<group>"; };
		7B65946FC88CA381019926B3 /* CustomTag.swift */ = {isa = PBXFileReference; lastKnownFileType = sourcecode.swift; path = CustomTag.swift; sourceTree = "<group>"; };
		7C15252EAB38589686E1A606 /* FloatingWindowManager.swift */ = {isa = PBXFileReference; lastKnownFileType = sourcecode.swift; path = FloatingWindowManager.swift; sourceTree = "<group>"; };
		80C1E4A97DEDEE26A7E54789 /* SidecarWriteTests.swift */ = {isa = PBXFileReference; lastKnownFileType = sourcecode.swift; path = SidecarWriteTests.swift; sourceTree = "<group>"; };
		81A825B0532F44F152B8E497 /* ShortcutRecorderView.swift */ = {isa = PBXFileReference; lastKnownFileType = sourcecode.swift; path = ShortcutRecorderView.swift; sourceTree = "<group>"; };
		844ADA0C97DCBB89738C0417 /* RoutedOperation.swift */ = {isa = PBXFileReference; lastKnownFileType = sourcecode.swift; path = RoutedOperation.swift; sourceTree = "<group>"; };
		89814E2331043CD60D60BC8A /* FileScannerTests.swift */ = {isa = PBXFileReference; lastKnownFileType = sourcecode.swift; path = FileScannerTests.swift; sourceTree = "<group>"; };
		8C17CE567197E2392618717C /* SettingsIPTCPaneView.swift */ = {isa = PBXFileReference; lastKnownFileType = sourcecode.swift; path = SettingsIPTCPaneView.swift; sourceTree = "<group>"; };
		8E930DF98D55812A31E16523 /* IOSurfaceMetalRenderer.swift */ = {isa = PBXFileReference; lastKnownFileType = sourcecode.swift; path = IOSurfaceMetalRenderer.swift; sourceTree = "<group>"; };
		8EAAE1E175D05AE80E50297E /* HeaderFilterBar.swift */ = {isa = PBXFileReference; lastKnownFileType = sourcecode.swift; path = HeaderFilterBar.swift; sourceTree = "<group>"; };
		9031656A4CC6CAB74745F678 /* MetadataReader.swift */ = {isa = PBXFileReference; lastKnownFileType = sourcecode.swift; path = MetadataReader.swift; sourceTree = "<group>"; };
		917518802055A19B9A59CE16 /* ExportPathRule.swift */ = {isa = PBXFileReference; lastKnownFileType = sourcecode.swift; path = ExportPathRule.swift; sourceTree = "<group>"; };
		93B75B1602707A0F7D91B27E /* XMPTaggingService.swift */ = {isa = PBXFileReference; lastKnownFileType = sourcecode.swift; path = XMPTaggingService.swift; sourceTree = "<group>"; };
		963B1CFADABA02D686F01552 /* Theme.swift */ = {isa = PBXFileReference; lastKnownFileType = sourcecode.swift; path = Theme.swift; sourceTree = "<group>"; };
		A04931DABD763B2D4A65F6A7 /* InsightsView.swift */ = {isa = PBXFileReference; lastKnownFileType = sourcecode.swift; path = InsightsView.swift; sourceTree = "<group>"; };
		A0E4C7CBECD5AC4871D167D9 /* TagPack.swift */ = {isa = PBXFileReference; lastKnownFileType = sourcecode.swift; path = TagPack.swift; sourceTree = "<group>"; };
		A149FDA5E2D181604211FA9B /* DuckSortTests.xctest */ = {isa = PBXFileReference; explicitFileType = wrapper.cfbundle; includeInIndex = 0; path = DuckSortTests.xctest; sourceTree = BUILT_PRODUCTS_DIR; };
		A1F7E94F414B8FF78355A93A /* FileGroupingResult.swift */ = {isa = PBXFileReference; lastKnownFileType = sourcecode.swift; path = FileGroupingResult.swift; sourceTree = "<group>"; };
		A79CE191B695B691C58706BF /* FileTransferService.swift */ = {isa = PBXFileReference; lastKnownFileType = sourcecode.swift; path = FileTransferService.swift; sourceTree = "<group>"; };
		A8848FA1245274C220C1E6B9 /* DuckSortApp.swift */ = {isa = PBXFileReference; lastKnownFileType = sourcecode.swift; path = DuckSortApp.swift; sourceTree = "<group>"; };
		A8A8CB39D99D01595C75A465 /* TransferFooter.swift */ = {isa = PBXFileReference; lastKnownFileType = sourcecode.swift; path = TransferFooter.swift; sourceTree = "<group>"; };
		AC44157459E972A675C8DD9E /* VCardImport.swift */ = {isa = PBXFileReference; lastKnownFileType = sourcecode.swift; path = VCardImport.swift; sourceTree = "<group>"; };
		B0B3214F3D2A0BDA8A0D6A59 /* SettingsPaneWindow.swift */ = {isa = PBXFileReference; lastKnownFileType = sourcecode.swift; path = SettingsPaneWindow.swift; sourceTree = "<group>"; };
		B5B3FA2DB6518F2F35324E4C /* CaptionEditorView.swift */ = {isa = PBXFileReference; lastKnownFileType = sourcecode.swift; path = CaptionEditorView.swift; sourceTree = "<group>"; };
		B728E75D067AB427150D3344 /* HorizontalMouseScrollWrapper.swift */ = {isa = PBXFileReference; lastKnownFileType = sourcecode.swift; path = HorizontalMouseScrollWrapper.swift; sourceTree = "<group>"; };
		B86F548BB138B2D82A4B9469 /* HapticFeedbackManager.swift */ = {isa = PBXFileReference; lastKnownFileType = sourcecode.swift; path = HapticFeedbackManager.swift; sourceTree = "<group>"; };
		C33694B84956961FFD297D6E /* UserPreferences.swift */ = {isa = PBXFileReference; lastKnownFileType = sourcecode.swift; path = UserPreferences.swift; sourceTree = "<group>"; };
		C4F8614179323AB4E373A885 /* PhotoFilterRule.swift */ = {isa = PBXFileReference; lastKnownFileType = sourcecode.swift; path = PhotoFilterRule.swift; sourceTree = "<group>"; };
		C8797E26229C751E3E290B92 /* Info.plist */ = {isa = PBXFileReference; lastKnownFileType = text.plist; path = Info.plist; sourceTree = "<group>"; };
		C926C15F026D406124116D29 /* KeyboardShortcutInfoTests.swift */ = {isa = PBXFileReference; lastKnownFileType = sourcecode.swift; path = KeyboardShortcutInfoTests.swift; sourceTree = "<group>"; };
		CB64399E88A68EC475444292 /* AutoTagRule.swift */ = {isa = PBXFileReference; lastKnownFileType = sourcecode.swift; path = AutoTagRule.swift; sourceTree = "<group>"; };
		CBFE20504EBD09FBA8700EF0 /* PhotoIndexStore.swift */ = {isa = PBXFileReference; lastKnownFileType = sourcecode.swift; path = PhotoIndexStore.swift; sourceTree = "<group>"; };
		CC9438CBD87CF94EB0921833 /* OnboardingFlow.swift */ = {isa = PBXFileReference; lastKnownFileType = sourcecode.swift; path = OnboardingFlow.swift; sourceTree = "<group>"; };
		CF5614B15ED7C21EFDBF562F /* SmokeTests.swift */ = {isa = PBXFileReference; lastKnownFileType = sourcecode.swift; path = SmokeTests.swift; sourceTree = "<group>"; };
		D3DDA4E25186E9C16AACAB9E /* EmbeddedKeywordTests.swift */ = {isa = PBXFileReference; lastKnownFileType = sourcecode.swift; path = EmbeddedKeywordTests.swift; sourceTree = "<group>"; };
		D7BFAA1160F99C612D3A596C /* SidecarFailureTests.swift */ = {isa = PBXFileReference; lastKnownFileType = sourcecode.swift; path = SidecarFailureTests.swift; sourceTree = "<group>"; };
		D82F7552F55F39D4D4842642 /* MetadataReaderActor.swift */ = {isa = PBXFileReference; lastKnownFileType = sourcecode.swift; path = MetadataReaderActor.swift; sourceTree = "<group>"; };
		DCA4AA401F45F9D5DD803BA0 /* ContentView.swift */ = {isa = PBXFileReference; lastKnownFileType = sourcecode.swift; path = ContentView.swift; sourceTree = "<group>"; };
		DCFDAC493AC50CAC92FC3B22 /* FilmstripView.swift */ = {isa = PBXFileReference; lastKnownFileType = sourcecode.swift; path = FilmstripView.swift; sourceTree = "<group>"; };
		DFE5635EE4BAB4BB2E2AA60D /* FolderPanel.swift */ = {isa = PBXFileReference; lastKnownFileType = sourcecode.swift; path = FolderPanel.swift; sourceTree = "<group>"; };
		E32D17330A1B322841D92F55 /* TagStore.swift */ = {isa = PBXFileReference; lastKnownFileType = sourcecode.swift; path = TagStore.swift; sourceTree = "<group>"; };
		E3D558F483E5C1B7945F7560 /* PhotoLibraryViewModel.swift */ = {isa = PBXFileReference; lastKnownFileType = sourcecode.swift; path = PhotoLibraryViewModel.swift; sourceTree = "<group>"; };
		E96BDAB909E404EA22518E0D /* AutoTagEngine.swift */ = {isa = PBXFileReference; lastKnownFileType = sourcecode.swift; path = AutoTagEngine.swift; sourceTree = "<group>"; };
		E9EC5FD4E57FA74F848D0469 /* ThumbnailView.swift */ = {isa = PBXFileReference; lastKnownFileType = sourcecode.swift; path = ThumbnailView.swift; sourceTree = "<group>"; };
		EA417888755A975D94D6CD61 /* InspectorPanelView.swift */ = {isa = PBXFileReference; lastKnownFileType = sourcecode.swift; path = InspectorPanelView.swift; sourceTree = "<group>"; };
		F32F9D2D0F0AEFD58A5F0256 /* PhotoGridView.swift */ = {isa = PBXFileReference; lastKnownFileType = sourcecode.swift; path = PhotoGridView.swift; sourceTree = "<group>"; };
		F98D6381C428E286D5FAA884 /* SettingsXMPTagsPane.swift */ = {isa = PBXFileReference; lastKnownFileType = sourcecode.swift; path = SettingsXMPTagsPane.swift; sourceTree = "<group>"; };
		FA46655F474FDCB17B291C50 /* LargeImageViewer.swift */ = {isa = PBXFileReference; lastKnownFileType = sourcecode.swift; path = LargeImageViewer.swift; sourceTree = "<group>"; };
/* End PBXFileReference section */

/* Begin PBXGroup section */
		02AA05B5994335D05C258953 /* Tests */ = {
			isa = PBXGroup;
			children = (
				FA34BB84280B8FE0235356D3 /* DuckSortTests */,
			);
			path = Tests;
			sourceTree = "<group>";
		};
		05A0C0951E008B5874B2698B /* Support */ = {
			isa = PBXGroup;
			children = (
				3043D3661F3552AEE624F94A /* ImageFixture.swift */,
			);
			path = Support;
			sourceTree = "<group>";
		};
		295E9F2A414E62812DFEDB64 /* Settings */ = {
			isa = PBXGroup;
			children = (
				1848956E84D6A25D73082EDF /* SettingsAppearancePaneView.swift */,
				08BD0E782B18D12BB3DF9ACD /* SettingsAutoTaggingPaneView.swift */,
				8C17CE567197E2392618717C /* SettingsIPTCPaneView.swift */,
				B0B3214F3D2A0BDA8A0D6A59 /* SettingsPaneWindow.swift */,
				4E2D82FBB1499652691B819F /* SettingsRulesPaneView.swift */,
				6F4EFEB3D30C8453F4C86DC4 /* SettingsShortcutsPaneView.swift */,
				52872DAC1CEF1D9EED356390 /* SettingsTagsPaneView.swift */,
				F98D6381C428E286D5FAA884 /* SettingsXMPTagsPane.swift */,
			);
			path = Settings;
			sourceTree = "<group>";
		};
		48E3E751FF5CC707D88CAFE8 /* Models */ = {
			isa = PBXGroup;
			children = (
				CB64399E88A68EC475444292 /* AutoTagRule.swift */,
				7B65946FC88CA381019926B3 /* CustomTag.swift */,
				1E65ADF7DCFB0D5724848482 /* ExportOptions.swift */,
				917518802055A19B9A59CE16 /* ExportPathRule.swift */,
				0080F127A4484E5A56F61F59 /* ExportRuleStore.swift */,
				A1F7E94F414B8FF78355A93A /* FileGroupingResult.swift */,
				C4F8614179323AB4E373A885 /* PhotoFilterRule.swift */,
				4768E6492C50488CA80B5DBF /* PhotoSet.swift */,
				844ADA0C97DCBB89738C0417 /* RoutedOperation.swift */,
				A0E4C7CBECD5AC4871D167D9 /* TagPack.swift */,
				47D04DD3BEC871500499CABC /* TagPackLibrary.swift */,
				E32D17330A1B322841D92F55 /* TagStore.swift */,
				C33694B84956961FFD297D6E /* UserPreferences.swift */,
			);
			path = Models;
			sourceTree = "<group>";
		};
		4EE0FCD4D7DDEB2089FB2BE0 /* AI */ = {
			isa = PBXGroup;
			children = (
				E96BDAB909E404EA22518E0D /* AutoTagEngine.swift */,
				09E55EA8AE27FEEB586D07D0 /* FaceClusteringService.swift */,
				3509D78E1B27605A054FF33C /* VisionEngineActor.swift */,
			);
			path = AI;
			sourceTree = "<group>";
		};
		61AD3F4858AF3D6C57FDF9DC /* DuckSort */ = {
			isa = PBXGroup;
			children = (
				A8848FA1245274C220C1E6B9 /* DuckSortApp.swift */,
				C8797E26229C751E3E290B92 /* Info.plist */,
				48E3E751FF5CC707D88CAFE8 /* Models */,
				6E64FAD0619CEB83053B979C /* Resources */,
				B307FD3C4BBE69AD9E718D8A /* Utilities */,
				7985B485F4821BE0796FEE33 /* ViewModels */,
				92116A99BB3D3EF2DFFDAFEE /* Views */,
			);
			path = DuckSort;
			sourceTree = "<group>";
		};
		6E64FAD0619CEB83053B979C /* Resources */ = {
			isa = PBXGroup;
			children = (
				4D239475BFC81BE1C0BA3E3E /* AppIcon.icns */,
			);
			path = Resources;
			sourceTree = "<group>";
		};
		7985B485F4821BE0796FEE33 /* ViewModels */ = {
			isa = PBXGroup;
			children = (
				E3D558F483E5C1B7945F7560 /* PhotoLibraryViewModel.swift */,
			);
			path = ViewModels;
			sourceTree = "<group>";
		};
		850CF3ADDA5B767873CCAD27 /* Utilities */ = {
			isa = PBXGroup;
			children = (
				DFE5635EE4BAB4BB2E2AA60D /* FolderPanel.swift */,
				B728E75D067AB427150D3344 /* HorizontalMouseScrollWrapper.swift */,
			);
			path = Utilities;
			sourceTree = "<group>";
		};
		92116A99BB3D3EF2DFFDAFEE /* Views */ = {
			isa = PBXGroup;
			children = (
				1CF2FF0B35B905C252F41912 /* AutoTagSuggestionsView.swift */,
				DCA4AA401F45F9D5DD803BA0 /* ContentView.swift */,
				615AF5CECEA89BAAE5034CE3 /* EmptyLibraryView.swift */,
				7644CFAC2F7D0E9A4454AFFB /* ExportRuleEditorView.swift */,
				8EAAE1E175D05AE80E50297E /* HeaderFilterBar.swift */,
				A04931DABD763B2D4A65F6A7 /* InsightsView.swift */,
				FA46655F474FDCB17B291C50 /* LargeImageViewer.swift */,
				CC9438CBD87CF94EB0921833 /* OnboardingFlow.swift */,
				F32F9D2D0F0AEFD58A5F0256 /* PhotoGridView.swift */,
				3C74E6F988056A084C4ADA7E /* PreFlightVisualizerView.swift */,
				71306A87786383193A8A1187 /* SidebarView.swift */,
				43E676D65E0A1F2BFAE287D8 /* TagManagerView.swift */,
				A8A8CB39D99D01595C75A465 /* TransferFooter.swift */,
				4C5105C82DFFB46839420646 /* XMPTagInspectorView.swift */,
				AEB1A7952F930512CD1FF575 /* Components */,
				E8BCBFDBC2BA5844DA483DD0 /* Layout */,
				295E9F2A414E62812DFEDB64 /* Settings */,
				850CF3ADDA5B767873CCAD27 /* Utilities */,
			);
			path = Views;
			sourceTree = "<group>";
		};
		A25ED7C1436F6F96CA2318C0 /* Products */ = {
			isa = PBXGroup;
			children = (
				6FCEE31E04BD53A2EFFFC382 /* DuckSort.app */,
				A149FDA5E2D181604211FA9B /* DuckSortTests.xctest */,
			);
			name = Products;
			sourceTree = "<group>";
		};
		AEB1A7952F930512CD1FF575 /* Components */ = {
			isa = PBXGroup;
			children = (
				B5B3FA2DB6518F2F35324E4C /* CaptionEditorView.swift */,
				DCFDAC493AC50CAC92FC3B22 /* FilmstripView.swift */,
				EA417888755A975D94D6CD61 /* InspectorPanelView.swift */,
				7003BD43733CFB7442895129 /* LargeImageViewerSidebar.swift */,
				621506187BE341E038565A8B /* PhotoSetCell.swift */,
				81A825B0532F44F152B8E497 /* ShortcutRecorderView.swift */,
				E9EC5FD4E57FA74F848D0469 /* ThumbnailView.swift */,
			);
			path = Components;
			sourceTree = "<group>";
		};
		B2CAD0A0187EC627D076E23D /* Metadata */ = {
			isa = PBXGroup;
			children = (
				7228D82647360B4BB0C17C60 /* EXIFSanitizer.swift */,
				9031656A4CC6CAB74745F678 /* MetadataReader.swift */,
				D82F7552F55F39D4D4842642 /* MetadataReaderActor.swift */,
				CBFE20504EBD09FBA8700EF0 /* PhotoIndexStore.swift */,
				AC44157459E972A675C8DD9E /* VCardImport.swift */,
				93B75B1602707A0F7D91B27E /* XMPTaggingService.swift */,
			);
			path = Metadata;
			sourceTree = "<group>";
		};
		B307FD3C4BBE69AD9E718D8A /* Utilities */ = {
			isa = PBXGroup;
			children = (
				4EE0FCD4D7DDEB2089FB2BE0 /* AI */,
				B2CAD0A0187EC627D076E23D /* Metadata */,
				F97BEAC4997C3D7FAF1F16BD /* Scanner */,
				D436CE7F60F427027E2248DF /* Transfers */,
				D6255D5F315AB4A06E3BE64A /* UI */,
			);
			path = Utilities;
			sourceTree = "<group>";
		};
		C56DA10A21EBC92935CF183D = {
			isa = PBXGroup;
			children = (
				61AD3F4858AF3D6C57FDF9DC /* DuckSort */,
				02AA05B5994335D05C258953 /* Tests */,
				A25ED7C1436F6F96CA2318C0 /* Products */,
			);
			sourceTree = "<group>";
		};
		D436CE7F60F427027E2248DF /* Transfers */ = {
			isa = PBXGroup;
			children = (
				46692D62F0489B6E7671C3B6 /* FilenameSanitizer.swift */,
				77C711587A2BD65A21C6363A /* FileNaming.swift */,
				A79CE191B695B691C58706BF /* FileTransferService.swift */,
				4EC5B7910C6FFBE1009F8969 /* RoutedTransferService.swift */,
			);
			path = Transfers;
			sourceTree = "<group>";
		};
		D6255D5F315AB4A06E3BE64A /* UI */ = {
			isa = PBXGroup;
			children = (
				4BDA7E931BABADAED5B13813 /* FileManager+Directory.swift */,
				7C15252EAB38589686E1A606 /* FloatingWindowManager.swift */,
				B86F548BB138B2D82A4B9469 /* HapticFeedbackManager.swift */,
				8E930DF98D55812A31E16523 /* IOSurfaceMetalRenderer.swift */,
				025C162E20816F6FB71B863E /* ScrollStateObserver.swift */,
				963B1CFADABA02D686F01552 /* Theme.swift */,
			);
			path = UI;
			sourceTree = "<group>";
		};
		E8BCBFDBC2BA5844DA483DD0 /* Layout */ = {
			isa = PBXGroup;
			children = (
				58B6DAB2F320B99A86F7F085 /* LargeImagePane.swift */,
			);
			path = Layout;
			sourceTree = "<group>";
		};
		F97BEAC4997C3D7FAF1F16BD /* Scanner */ = {
			isa = PBXGroup;
			children = (
				19DDFBB246CA896FC9FA2C47 /* FileScanner.swift */,
			);
			path = Scanner;
			sourceTree = "<group>";
		};
		FA34BB84280B8FE0235356D3 /* DuckSortTests */ = {
			isa = PBXGroup;
			children = (
				D3DDA4E25186E9C16AACAB9E /* EmbeddedKeywordTests.swift */,
				89814E2331043CD60D60BC8A /* FileScannerTests.swift */,
				1184E52C88111EE418D8416B /* FileTransferSidecarTests.swift */,
				6DB793633AB8DA3C66E5C87F /* FolderIndexingTests.swift */,
				21E5CF7DABCE10F125EEC421 /* ImageFixtureTests.swift */,
				C926C15F026D406124116D29 /* KeyboardShortcutInfoTests.swift */,
				23A1EFC34C746F60427C57CF /* RoutedSidecarTests.swift */,
				D7BFAA1160F99C612D3A596C /* SidecarFailureTests.swift */,
				80C1E4A97DEDEE26A7E54789 /* SidecarWriteTests.swift */,
				CF5614B15ED7C21EFDBF562F /* SmokeTests.swift */,
				05A0C0951E008B5874B2698B /* Support */,
			);
			path = DuckSortTests;
			sourceTree = "<group>";
		};
/* End PBXGroup section */

/* Begin PBXNativeTarget section */
		BBFA3A3D9F3FC279B56583D4 /* DuckSort */ = {
			isa = PBXNativeTarget;
			buildConfigurationList = D57E027F4DD71DD2D4B7E23E /* Build configuration list for PBXNativeTarget "DuckSort" */;
			buildPhases = (
				FCB80467F5E37499338841D8 /* Sources */,
				56D60CCE1014A710049B3909 /* Resources */,
			);
			buildRules = (
			);
			dependencies = (
			);
			name = DuckSort;
			packageProductDependencies = (
			);
			productName = DuckSort;
			productReference = 6FCEE31E04BD53A2EFFFC382 /* DuckSort.app */;
			productType = "com.apple.product-type.application";
		};
		E4018A36FC3435B387289FCE /* DuckSortTests */ = {
			isa = PBXNativeTarget;
			buildConfigurationList = DE73EF925B0E3CAE9FAD7A91 /* Build configuration list for PBXNativeTarget "DuckSortTests" */;
			buildPhases = (
				F4AA148BCAF52C62C582B84B /* Sources */,
			);
			buildRules = (
			);
			dependencies = (
				B2E6E0E1BD2D4E8A7B936F37 /* PBXTargetDependency */,
			);
			name = DuckSortTests;
			packageProductDependencies = (
			);
			productName = DuckSortTests;
			productReference = A149FDA5E2D181604211FA9B /* DuckSortTests.xctest */;
			productType = "com.apple.product-type.bundle.unit-test";
		};
/* End PBXNativeTarget section */

/* Begin PBXProject section */
		3B66BB8E44A0759DA14284AC /* Project object */ = {
			isa = PBXProject;
			attributes = {
				BuildIndependentTargetsInParallel = YES;
				LastUpgradeCheck = 1600;
				TargetAttributes = {
				};
			};
			buildConfigurationList = 0005A675CB58CC2F6DB7AB22 /* Build configuration list for PBXProject "DuckSort" */;
			developmentRegion = en;
			hasScannedForEncodings = 0;
			knownRegions = (
				Base,
				en,
			);
			mainGroup = C56DA10A21EBC92935CF183D;
			minimizedProjectReferenceProxies = 1;
			preferredProjectObjectVersion = 77;
			productRefGroup = A25ED7C1436F6F96CA2318C0 /* Products */;
			projectDirPath = "";
			projectRoot = "";
			targets = (
				BBFA3A3D9F3FC279B56583D4 /* DuckSort */,
				E4018A36FC3435B387289FCE /* DuckSortTests */,
			);
		};
/* End PBXProject section */

/* Begin PBXResourcesBuildPhase section */
		56D60CCE1014A710049B3909 /* Resources */ = {
			isa = PBXResourcesBuildPhase;
			buildActionMask = 2147483647;
			files = (
				003EF57C9D02936C37FA0D53 /* AppIcon.icns in Resources */,
			);
			runOnlyForDeploymentPostprocessing = 0;
		};
/* End PBXResourcesBuildPhase section */

/* Begin PBXSourcesBuildPhase section */
		F4AA148BCAF52C62C582B84B /* Sources */ = {
			isa = PBXSourcesBuildPhase;
			buildActionMask = 2147483647;
			files = (
				F38A23B7DA97677C040D5A75 /* EmbeddedKeywordTests.swift in Sources */,
				4948C5EEC1C59B659AD15FE4 /* FileScannerTests.swift in Sources */,
				F939547AB3AE7AA4756E4EA4 /* FileTransferSidecarTests.swift in Sources */,
				DE6F6BDF47868EBB0C2A875E /* FolderIndexingTests.swift in Sources */,
				8EC0315BC66BEE75ACBD8CD6 /* ImageFixture.swift in Sources */,
				F51F617EB980D54B3CB6604C /* ImageFixtureTests.swift in Sources */,
				2039EF23242724247C504888 /* KeyboardShortcutInfoTests.swift in Sources */,
				FD9336A0390FBCB633C8B29F /* RoutedSidecarTests.swift in Sources */,
				5EE394A7B159869F235625E8 /* SidecarFailureTests.swift in Sources */,
				51333F4B854FC88E1BC7C013 /* SidecarWriteTests.swift in Sources */,
				A9B5B38148DF9AF05F7ABD0D /* SmokeTests.swift in Sources */,
			);
			runOnlyForDeploymentPostprocessing = 0;
		};
		FCB80467F5E37499338841D8 /* Sources */ = {
			isa = PBXSourcesBuildPhase;
			buildActionMask = 2147483647;
			files = (
				9679B5EC085C73415D1AB906 /* AutoTagEngine.swift in Sources */,
				F765AC063F4121934B5C441B /* AutoTagRule.swift in Sources */,
				D007D708BC6321099A83D944 /* AutoTagSuggestionsView.swift in Sources */,
				67D5E34B66506271B2AA43E1 /* CaptionEditorView.swift in Sources */,
				461EF7C34E1DCEAA877E1E5C /* ContentView.swift in Sources */,
				1317C4B747D0EF6F570A7654 /* CustomTag.swift in Sources */,
				10C120D85802606ED79E2BFC /* DuckSortApp.swift in Sources */,
				B4B2D8FFA80F0718D06EF1D7 /* EXIFSanitizer.swift in Sources */,
				D4C9A6ED38346BCD3C430EF6 /* EmptyLibraryView.swift in Sources */,
				51CABC235F0FE0936825DA72 /* ExportOptions.swift in Sources */,
				773006898D17976422E515DA /* ExportPathRule.swift in Sources */,
				22A430137647EBA9EAF4BA9B /* ExportRuleEditorView.swift in Sources */,
				0571539967A10143E65D0696 /* ExportRuleStore.swift in Sources */,
				6F4556FF0C70B041CA77FE96 /* FaceClusteringService.swift in Sources */,
				DA156AB0AA11A75708A3E352 /* FileGroupingResult.swift in Sources */,
				59B20FF5632387E55A866BF2 /* FileManager+Directory.swift in Sources */,
				A4E109711142B7AA15852478 /* FileNaming.swift in Sources */,
				F23207D37684960861C0DBAF /* FileScanner.swift in Sources */,
				25C59FADF51BC222BE18FBA3 /* FileTransferService.swift in Sources */,
				37B252F09AF99052DF0DA57C /* FilenameSanitizer.swift in Sources */,
				6F7AE843C2B3541971E6D207 /* FilmstripView.swift in Sources */,
				7DB5156AD1B7F9E3004D85A7 /* FloatingWindowManager.swift in Sources */,
				2F2AFFD234FCC01524AC38BC /* FolderPanel.swift in Sources */,
				2EE09B09E9ADF88E57129184 /* HapticFeedbackManager.swift in Sources */,
				891E066CCACA503894FC149C /* HeaderFilterBar.swift in Sources */,
				4016607D802D3059B8E4A9CE /* HorizontalMouseScrollWrapper.swift in Sources */,
				CE6BDC80C1755BFB602203F2 /* IOSurfaceMetalRenderer.swift in Sources */,
				F54B3E6BB45510298703D9E2 /* InsightsView.swift in Sources */,
				CF84E1D9F3FCBCD9331EA88A /* InspectorPanelView.swift in Sources */,
				8FA60DBCF99CE9CBE1CCDBD1 /* LargeImagePane.swift in Sources */,
				0C585D2D65D4FE54C2BFF2C1 /* LargeImageViewer.swift in Sources */,
				800ACE8CCE0A2F0FA6BB16BA /* LargeImageViewerSidebar.swift in Sources */,
				A1FDA818DB0AFBB4350EF957 /* MetadataReader.swift in Sources */,
				C8D2BB81B58A08031B49D408 /* MetadataReaderActor.swift in Sources */,
				DF6FAA5E7B7462D3A180BB7F /* OnboardingFlow.swift in Sources */,
				6385EF1CD059244AF82CDBF6 /* PhotoFilterRule.swift in Sources */,
				45BA865C8D04EFD861ADFAFF /* PhotoGridView.swift in Sources */,
				58382D4AB06F976306B6AF10 /* PhotoIndexStore.swift in Sources */,
				07BF7E010691C2D957D15FEA /* PhotoLibraryViewModel.swift in Sources */,
				6F6C5ECAC8EF26AAAC1DAE61 /* PhotoSet.swift in Sources */,
				D89943F68A883011B6831F07 /* PhotoSetCell.swift in Sources */,
				1BF510F388FFF0CF01CEA9ED /* PreFlightVisualizerView.swift in Sources */,
				90C363DE2F101B32194C39B4 /* RoutedOperation.swift in Sources */,
				48F9A7EE6B7F10CB715B3D5F /* RoutedTransferService.swift in Sources */,
				7A1BCE15797FF118271E15F5 /* ScrollStateObserver.swift in Sources */,
				A95A3A39BF1B2D9E958278D3 /* SettingsAppearancePaneView.swift in Sources */,
				51F35755B8CD2539AEB31AEF /* SettingsAutoTaggingPaneView.swift in Sources */,
				ED3289D40BE7B30CE889F6BE /* SettingsIPTCPaneView.swift in Sources */,
				29ED4D2AD68B4BEF01643C03 /* SettingsPaneWindow.swift in Sources */,
				2C92A4DECE485C94DA8F19C7 /* SettingsRulesPaneView.swift in Sources */,
				13CF184C3451D3C761F1C1DC /* SettingsShortcutsPaneView.swift in Sources */,
				3A52A9564EE77E253FE0058A /* SettingsTagsPaneView.swift in Sources */,
				48369C22170FC0FA238349F9 /* SettingsXMPTagsPane.swift in Sources */,
				9B09849180DADB70DA4F4EBE /* ShortcutRecorderView.swift in Sources */,
				B92A4110226C21C192054A05 /* SidebarView.swift in Sources */,
				C4FD857F464BB5B6EB94678D /* TagManagerView.swift in Sources */,
				4866D6AFBCC89EE99E0BD0FD /* TagPack.swift in Sources */,
				45F535C13527341501D81EA6 /* TagPackLibrary.swift in Sources */,
				48EF8BED4019BE9FD2AD9EDE /* TagStore.swift in Sources */,
				AEAA8D8218CEFD38CD7A9872 /* Theme.swift in Sources */,
				E5FE84E8B84249B9AA52458C /* ThumbnailView.swift in Sources */,
				F837C7DB5A70A461F815E132 /* TransferFooter.swift in Sources */,
				4FA10D0AC137327B9C85D633 /* UserPreferences.swift in Sources */,
				979C6F3E1C431AD2587C79F6 /* VCardImport.swift in Sources */,
				2D58F1F083760A443D86CD73 /* VisionEngineActor.swift in Sources */,
				389218CF5704D14EFAA2C731 /* XMPTagInspectorView.swift in Sources */,
				46BA33DB5DEBFD3BBD41BBD4 /* XMPTaggingService.swift in Sources */,
			);
			runOnlyForDeploymentPostprocessing = 0;
		};
/* End PBXSourcesBuildPhase section */

/* Begin PBXTargetDependency section */
		B2E6E0E1BD2D4E8A7B936F37 /* PBXTargetDependency */ = {
			isa = PBXTargetDependency;
			target = BBFA3A3D9F3FC279B56583D4 /* DuckSort */;
			targetProxy = E7137D953A8D86C3ABAD57CA /* PBXContainerItemProxy */;
		};
/* End PBXTargetDependency section */

/* Begin XCBuildConfiguration section */
		181E71AC371E43E474709D26 /* Release */ = {
			isa = XCBuildConfiguration;
			buildSettings = {
				BUNDLE_LOADER = "$(TEST_HOST)";
				COMBINE_HIDPI_IMAGES = YES;
				LD_RUNPATH_SEARCH_PATHS = (
					"$(inherited)",
					"@executable_path/../Frameworks",
					"@loader_path/../Frameworks",
				);
				MACOSX_DEPLOYMENT_TARGET = 27.0;
				PRODUCT_BUNDLE_IDENTIFIER = com.oliver.DuckSortTests;
				SDKROOT = macosx;
				SWIFT_VERSION = 6.0;
				TEST_HOST = "$(BUILT_PRODUCTS_DIR)/DuckSort.app/Contents/MacOS/DuckSort";
			};
			name = Release;
		};
		4634942F0BBD2D2E262F2FC9 /* Release */ = {
			isa = XCBuildConfiguration;
			buildSettings = {
				ASSETCATALOG_COMPILER_APPICON_NAME = AppIcon;
				CODE_SIGN_IDENTITY = "-";
				COMBINE_HIDPI_IMAGES = YES;
				ENABLE_HARDENED_RUNTIME = YES;
				INFOPLIST_FILE = DuckSort/Info.plist;
				LD_RUNPATH_SEARCH_PATHS = (
					"$(inherited)",
					"@executable_path/../Frameworks",
				);
				MACOSX_DEPLOYMENT_TARGET = 27.0;
				PRODUCT_BUNDLE_IDENTIFIER = com.oliver.DuckSort;
				PRODUCT_NAME = DuckSort;
				SDKROOT = macosx;
				SWIFT_VERSION = 6.0;
			};
			name = Release;
		};
		D17CE7B66491D5D3257903EE /* Release */ = {
			isa = XCBuildConfiguration;
			buildSettings = {
				ALWAYS_SEARCH_USER_PATHS = NO;
				CLANG_ANALYZER_NONNULL = YES;
				CLANG_ANALYZER_NUMBER_OBJECT_CONVERSION = YES_AGGRESSIVE;
				CLANG_CXX_LANGUAGE_STANDARD = "gnu++14";
				CLANG_CXX_LIBRARY = "libc++";
				CLANG_ENABLE_MODULES = YES;
				CLANG_ENABLE_OBJC_ARC = YES;
				CLANG_ENABLE_OBJC_WEAK = YES;
				CLANG_WARN_BLOCK_CAPTURE_AUTORELEASING = YES;
				CLANG_WARN_BOOL_CONVERSION = YES;
				CLANG_WARN_COMMA = YES;
				CLANG_WARN_CONSTANT_CONVERSION = YES;
				CLANG_WARN_DEPRECATED_OBJC_IMPLEMENTATIONS = YES;
				CLANG_WARN_DIRECT_OBJC_ISA_USAGE = YES_ERROR;
				CLANG_WARN_DOCUMENTATION_COMMENTS = YES;
				CLANG_WARN_EMPTY_BODY = YES;
				CLANG_WARN_ENUM_CONVERSION = YES;
				CLANG_WARN_INFINITE_RECURSION = YES;
				CLANG_WARN_INT_CONVERSION = YES;
				CLANG_WARN_NON_LITERAL_NULL_CONVERSION = YES;
				CLANG_WARN_OBJC_IMPLICIT_RETAIN_SELF = YES;
				CLANG_WARN_OBJC_LITERAL_CONVERSION = YES;
				CLANG_WARN_OBJC_ROOT_CLASS = YES_ERROR;
				CLANG_WARN_QUOTED_INCLUDE_IN_FRAMEWORK_HEADER = YES;
				CLANG_WARN_RANGE_LOOP_ANALYSIS = YES;
				CLANG_WARN_STRICT_PROTOTYPES = YES;
				CLANG_WARN_SUSPICIOUS_MOVE = YES;
				CLANG_WARN_UNGUARDED_AVAILABILITY = YES_AGGRESSIVE;
				CLANG_WARN_UNREACHABLE_CODE = YES;
				CLANG_WARN__DUPLICATE_METHOD_MATCH = YES;
				COPY_PHASE_STRIP = NO;
				DEBUG_INFORMATION_FORMAT = "dwarf-with-dsym";
				ENABLE_NS_ASSERTIONS = NO;
				ENABLE_STRICT_OBJC_MSGSEND = YES;
				GCC_C_LANGUAGE_STANDARD = gnu11;
				GCC_NO_COMMON_BLOCKS = YES;
				GCC_WARN_64_TO_32_BIT_CONVERSION = YES;
				GCC_WARN_ABOUT_RETURN_TYPE = YES_ERROR;
				GCC_WARN_UNDECLARED_SELECTOR = YES;
				GCC_WARN_UNINITIALIZED_AUTOS = YES_AGGRESSIVE;
				GCC_WARN_UNUSED_FUNCTION = YES;
				GCC_WARN_UNUSED_VARIABLE = YES;
				MACOSX_DEPLOYMENT_TARGET = 27.0;
				MTL_ENABLE_DEBUG_INFO = NO;
				MTL_FAST_MATH = YES;
				PRODUCT_NAME = "$(TARGET_NAME)";
				SDKROOT = macosx;
				SWIFT_COMPILATION_MODE = wholemodule;
				SWIFT_OPTIMIZATION_LEVEL = "-O";
				SWIFT_VERSION = 5.0;
			};
			name = Release;
		};
		E6BD364BF43AA9AAD51A8540 /* Debug */ = {
			isa = XCBuildConfiguration;
			buildSettings = {
				ASSETCATALOG_COMPILER_APPICON_NAME = AppIcon;
				CODE_SIGN_IDENTITY = "-";
				COMBINE_HIDPI_IMAGES = YES;
				ENABLE_HARDENED_RUNTIME = YES;
				INFOPLIST_FILE = DuckSort/Info.plist;
				LD_RUNPATH_SEARCH_PATHS = (
					"$(inherited)",
					"@executable_path/../Frameworks",
				);
				MACOSX_DEPLOYMENT_TARGET = 27.0;
				PRODUCT_BUNDLE_IDENTIFIER = com.oliver.DuckSort;
				PRODUCT_NAME = DuckSort;
				SDKROOT = macosx;
				SWIFT_VERSION = 6.0;
			};
			name = Debug;
		};
		FBA3B421FE2DE72C0E9CA0B9 /* Debug */ = {
			isa = XCBuildConfiguration;
			buildSettings = {
				BUNDLE_LOADER = "$(TEST_HOST)";
				COMBINE_HIDPI_IMAGES = YES;
				LD_RUNPATH_SEARCH_PATHS = (
					"$(inherited)",
					"@executable_path/../Frameworks",
					"@loader_path/../Frameworks",
				);
				MACOSX_DEPLOYMENT_TARGET = 27.0;
				PRODUCT_BUNDLE_IDENTIFIER = com.oliver.DuckSortTests;
				SDKROOT = macosx;
				SWIFT_VERSION = 6.0;
				TEST_HOST = "$(BUILT_PRODUCTS_DIR)/DuckSort.app/Contents/MacOS/DuckSort";
			};
			name = Debug;
		};
		FC4A91DEEBD0158BC8451FDA /* Debug */ = {
			isa = XCBuildConfiguration;
			buildSettings = {
				ALWAYS_SEARCH_USER_PATHS = NO;
				CLANG_ANALYZER_NONNULL = YES;
				CLANG_ANALYZER_NUMBER_OBJECT_CONVERSION = YES_AGGRESSIVE;
				CLANG_CXX_LANGUAGE_STANDARD = "gnu++14";
				CLANG_CXX_LIBRARY = "libc++";
				CLANG_ENABLE_MODULES = YES;
				CLANG_ENABLE_OBJC_ARC = YES;
				CLANG_ENABLE_OBJC_WEAK = YES;
				CLANG_WARN_BLOCK_CAPTURE_AUTORELEASING = YES;
				CLANG_WARN_BOOL_CONVERSION = YES;
				CLANG_WARN_COMMA = YES;
				CLANG_WARN_CONSTANT_CONVERSION = YES;
				CLANG_WARN_DEPRECATED_OBJC_IMPLEMENTATIONS = YES;
				CLANG_WARN_DIRECT_OBJC_ISA_USAGE = YES_ERROR;
				CLANG_WARN_DOCUMENTATION_COMMENTS = YES;
				CLANG_WARN_EMPTY_BODY = YES;
				CLANG_WARN_ENUM_CONVERSION = YES;
				CLANG_WARN_INFINITE_RECURSION = YES;
				CLANG_WARN_INT_CONVERSION = YES;
				CLANG_WARN_NON_LITERAL_NULL_CONVERSION = YES;
				CLANG_WARN_OBJC_IMPLICIT_RETAIN_SELF = YES;
				CLANG_WARN_OBJC_LITERAL_CONVERSION = YES;
				CLANG_WARN_OBJC_ROOT_CLASS = YES_ERROR;
				CLANG_WARN_QUOTED_INCLUDE_IN_FRAMEWORK_HEADER = YES;
				CLANG_WARN_RANGE_LOOP_ANALYSIS = YES;
				CLANG_WARN_STRICT_PROTOTYPES = YES;
				CLANG_WARN_SUSPICIOUS_MOVE = YES;
				CLANG_WARN_UNGUARDED_AVAILABILITY = YES_AGGRESSIVE;
				CLANG_WARN_UNREACHABLE_CODE = YES;
				CLANG_WARN__DUPLICATE_METHOD_MATCH = YES;
				COPY_PHASE_STRIP = NO;
				DEBUG_INFORMATION_FORMAT = dwarf;
				ENABLE_STRICT_OBJC_MSGSEND = YES;
				ENABLE_TESTABILITY = YES;
				GCC_C_LANGUAGE_STANDARD = gnu11;
				GCC_DYNAMIC_NO_PIC = NO;
				GCC_NO_COMMON_BLOCKS = YES;
				GCC_OPTIMIZATION_LEVEL = 0;
				GCC_PREPROCESSOR_DEFINITIONS = (
					"$(inherited)",
					"DEBUG=1",
				);
				GCC_WARN_64_TO_32_BIT_CONVERSION = YES;
				GCC_WARN_ABOUT_RETURN_TYPE = YES_ERROR;
				GCC_WARN_UNDECLARED_SELECTOR = YES;
				GCC_WARN_UNINITIALIZED_AUTOS = YES_AGGRESSIVE;
				GCC_WARN_UNUSED_FUNCTION = YES;
				GCC_WARN_UNUSED_VARIABLE = YES;
				MACOSX_DEPLOYMENT_TARGET = 27.0;
				MTL_ENABLE_DEBUG_INFO = INCLUDE_SOURCE;
				MTL_FAST_MATH = YES;
				ONLY_ACTIVE_ARCH = YES;
				PRODUCT_NAME = "$(TARGET_NAME)";
				SDKROOT = macosx;
				SWIFT_ACTIVE_COMPILATION_CONDITIONS = DEBUG;
				SWIFT_OPTIMIZATION_LEVEL = "-Onone";
				SWIFT_VERSION = 5.0;
			};
			name = Debug;
		};
/* End XCBuildConfiguration section */

/* Begin XCConfigurationList section */
		0005A675CB58CC2F6DB7AB22 /* Build configuration list for PBXProject "DuckSort" */ = {
			isa = XCConfigurationList;
			buildConfigurations = (
				FC4A91DEEBD0158BC8451FDA /* Debug */,
				D17CE7B66491D5D3257903EE /* Release */,
			);
			defaultConfigurationIsVisible = 0;
			defaultConfigurationName = Debug;
		};
		D57E027F4DD71DD2D4B7E23E /* Build configuration list for PBXNativeTarget "DuckSort" */ = {
			isa = XCConfigurationList;
			buildConfigurations = (
				E6BD364BF43AA9AAD51A8540 /* Debug */,
				4634942F0BBD2D2E262F2FC9 /* Release */,
			);
			defaultConfigurationIsVisible = 0;
			defaultConfigurationName = Debug;
		};
		DE73EF925B0E3CAE9FAD7A91 /* Build configuration list for PBXNativeTarget "DuckSortTests" */ = {
			isa = XCConfigurationList;
			buildConfigurations = (
				FBA3B421FE2DE72C0E9CA0B9 /* Debug */,
				181E71AC371E43E474709D26 /* Release */,
			);
			defaultConfigurationIsVisible = 0;
			defaultConfigurationName = Debug;
		};
/* End XCConfigurationList section */
	};
	rootObject = 3B66BB8E44A0759DA14284AC /* Project object */;
}
